// !$*UTF8*$!
{
	archiveVersion = 1;
	classes = {
	};
	objectVersion = 56;
	objects = {

/* Begin PBXBuildFile section */
		1AA52D582C469D13006F4969 /* AppDelegate.swift in Sources */ = {isa = PBXBuildFile; fileRef = 1AA52D572C469D13006F4969 /* AppDelegate.swift */; };
		1AA52D5A2C469D13006F4969 /* SceneDelegate.swift in Sources */ = {isa = PBXBuildFile; fileRef = 1AA52D592C469D13006F4969 /* SceneDelegate.swift */; };
		1AA52D5C2C469D13006F4969 /* ViewController.swift in Sources */ = {isa = PBXBuildFile; fileRef = 1AA52D5B2C469D13006F4969 /* ViewController.swift */; };
		1AA52D622C469D13006F4969 /* PostsApp.xcdatamodeld in Sources */ = {isa = PBXBuildFile; fileRef = 1AA52D602C469D13006F4969 /* PostsApp.xcdatamodeld */; };
		1AA52D642C469D15006F4969 /* Assets.xcassets in Resources */ = {isa = PBXBuildFile; fileRef = 1AA52D632C469D15006F4969 /* Assets.xcassets */; };
		1AA52D672C469D15006F4969 /* Base in Resources */ = {isa = PBXBuildFile; fileRef = 1AA52D662C469D15006F4969 /* Base */; };
		1AA52D732C469E6F006F4969 /* StorageManager.swift in Sources */ = {isa = PBXBuildFile; fileRef = 1AA52D722C469E6F006F4969 /* StorageManager.swift */; };
		1AA52D762C46A18D006F4969 /* EditPostViewController.swift in Sources */ = {isa = PBXBuildFile; fileRef = 1AA52D752C46A18D006F4969 /* EditPostViewController.swift */; };
		1AA52D782C46A1A0006F4969 /* AddPostViewController.swift in Sources */ = {isa = PBXBuildFile; fileRef = 1AA52D772C46A1A0006F4969 /* AddPostViewController.swift */; };
		1AA52D7A2C46A1F5006F4969 /* BaseViewController.swift in Sources */ = {isa = PBXBuildFile; fileRef = 1AA52D792C46A1F5006F4969 /* BaseViewController.swift */; };
		1AA52D7C2C46A25F006F4969 /* PostsViewController.swift in Sources */ = {isa = PBXBuildFile; fileRef = 1AA52D7B2C46A25F006F4969 /* PostsViewController.swift */; };
/* End PBXBuildFile section */

/* Begin PBXFileReference section */
		1AA52D542C469D13006F4969 /* PostsApp.app */ = {isa = PBXFileReference; explicitFileType = wrapper.application; includeInIndex = 0; path = PostsApp.app; sourceTree = BUILT_PRODUCTS_DIR; };
		1AA52D572C469D13006F4969 /* AppDelegate.swift */ = {isa = PBXFileReference; lastKnownFileType = sourcecode.swift; path = AppDelegate.swift; sourceTree = "<group>"; };
		1AA52D592C469D13006F4969 /* SceneDelegate.swift */ = {isa = PBXFileReference; lastKnownFileType = sourcecode.swift; path = SceneDelegate.swift; sourceTree = "<group>"; };
		1AA52D5B2C469D13006F4969 /* ViewController.swift */ = {isa = PBXFileReference; lastKnownFileType = sourcecode.swift; path = ViewController.swift; sourceTree = "<group>"; };
		1AA52D612C469D13006F4969 /* PostsApp.xcdatamodel */ = {isa = PBXFileReference; lastKnownFileType = wrapper.xcdatamodel; path = PostsApp.xcdatamodel; sourceTree = "<group>"; };
		1AA52D632C469D15006F4969 /* Assets.xcassets */ = {isa = PBXFileReference; lastKnownFileType = folder.assetcatalog; path = Assets.xcassets; sourceTree = "<group>"; };
		1AA52D662C469D15006F4969 /* Base */ = {isa = PBXFileReference; lastKnownFileType = file.storyboard; name = Base; path = Base.lproj/LaunchScreen.storyboard; sourceTree = "<group>"; };
		1AA52D682C469D15006F4969 /* Info.plist */ = {isa = PBXFileReference; lastKnownFileType = text.plist.xml; path = Info.plist; sourceTree = "<group>"; };
		1AA52D722C469E6F006F4969 /* StorageManager.swift */ = {isa = PBXFileReference; lastKnownFileType = sourcecode.swift; path = StorageManager.swift; sourceTree = "<group>"; };
		1AA52D752C46A18D006F4969 /* EditPostViewController.swift */ = {isa = PBXFileReference; lastKnownFileType = sourcecode.swift; path = EditPostViewController.swift; sourceTree = "<group>"; };
		1AA52D772C46A1A0006F4969 /* AddPostViewController.swift */ = {isa = PBXFileReference; lastKnownFileType = sourcecode.swift; path = AddPostViewController.swift; sourceTree = "<group>"; };
		1AA52D792C46A1F5006F4969 /* BaseViewController.swift */ = {isa = PBXFileReference; lastKnownFileType = sourcecode.swift; path = BaseViewController.swift; sourceTree = "<group>"; };
		1AA52D7B2C46A25F006F4969 /* PostsViewController.swift */ = {isa = PBXFileReference; lastKnownFileType = sourcecode.swift; path = PostsViewController.swift; sourceTree = "<group>"; };
/* End PBXFileReference section */

/* Begin PBXFrameworksBuildPhase section */
		1AA52D512C469D13006F4969 /* Frameworks */ = {
			isa = PBXFrameworksBuildPhase;
			buildActionMask = 2147483647;
			files = (
			);
			runOnlyForDeploymentPostprocessing = 0;
		};
/* End PBXFrameworksBuildPhase section */

/* Begin PBXGroup section */
		1AA52D4B2C469D13006F4969 = {
			isa = PBXGroup;
			children = (
				1AA52D562C469D13006F4969 /* PostsApp */,
				1AA52D552C469D13006F4969 /* Products */,
			);
			sourceTree = "<group>";
		};
		1AA52D552C469D13006F4969 /* Products */ = {
			isa = PBXGroup;
			children = (
				1AA52D542C469D13006F4969 /* PostsApp.app */,
			);
			name = Products;
			sourceTree = "<group>";
		};
		1AA52D562C469D13006F4969 /* PostsApp */ = {
			isa = PBXGroup;
			children = (
				1AA52D6E2C469DBF006F4969 /* Controllers */,
				1AA52D742C469E80006F4969 /* Services */,
				1AA52D712C469DF3006F4969 /* LaunchScreen */,
				1AA52D702C469DE3006F4969 /* Resources */,
				1AA52D6F2C469DD1006F4969 /* SupportingFiles */,
				1AA52D602C469D13006F4969 /* PostsApp.xcdatamodeld */,
			);
			path = PostsApp;
			sourceTree = "<group>";
		};
		1AA52D6E2C469DBF006F4969 /* Controllers */ = {
			isa = PBXGroup;
			children = (
				1AA52D5B2C469D13006F4969 /* ViewController.swift */,
				1AA52D7B2C46A25F006F4969 /* PostsViewController.swift */,
				1AA52D792C46A1F5006F4969 /* BaseViewController.swift */,
				1AA52D752C46A18D006F4969 /* EditPostViewController.swift */,
				1AA52D772C46A1A0006F4969 /* AddPostViewController.swift */,
			);
			path = Controllers;
			sourceTree = "<group>";
		};
		1AA52D6F2C469DD1006F4969 /* SupportingFiles */ = {
			isa = PBXGroup;
			children = (
				1AA52D572C469D13006F4969 /* AppDelegate.swift */,
				1AA52D592C469D13006F4969 /* SceneDelegate.swift */,
				1AA52D682C469D15006F4969 /* Info.plist */,
			);
			path = SupportingFiles;
			sourceTree = "<group>";
		};
		1AA52D702C469DE3006F4969 /* Resources */ = {
			isa = PBXGroup;
			children = (
				1AA52D632C469D15006F4969 /* Assets.xcassets */,
			);
			path = Resources;
			sourceTree = "<group>";
		};
		1AA52D712C469DF3006F4969 /* LaunchScreen */ = {
			isa = PBXGroup;
			children = (
				1AA52D652C469D15006F4969 /* LaunchScreen.storyboard */,
			);
			path = LaunchScreen;
			sourceTree = "<group>";
		};
		1AA52D742C469E80006F4969 /* Services */ = {
			isa = PBXGroup;
			children = (
				1AA52D722C469E6F006F4969 /* StorageManager.swift */,
			);
			path = Services;
			sourceTree = "<group>";
		};
/* End PBXGroup section */

/* Begin PBXNativeTarget section */
		1AA52D532C469D13006F4969 /* PostsApp */ = {
			isa = PBXNativeTarget;
			buildConfigurationList = 1AA52D6B2C469D15006F4969 /* Build configuration list for PBXNativeTarget "PostsApp" */;
			buildPhases = (
				1AA52D502C469D13006F4969 /* Sources */,
				1AA52D512C469D13006F4969 /* Frameworks */,
				1AA52D522C469D13006F4969 /* Resources */,
			);
			buildRules = (
			);
			dependencies = (
			);
			name = PostsApp;
			productName = PostsApp;
			productReference = 1AA52D542C469D13006F4969 /* PostsApp.app */;
			productType = "com.apple.product-type.application";
		};
/* End PBXNativeTarget section */

/* Begin PBXProject section */
		1AA52D4C2C469D13006F4969 /* Project object */ = {
			isa = PBXProject;
			attributes = {
				BuildIndependentTargetsInParallel = 1;
				LastSwiftUpdateCheck = 1540;
				LastUpgradeCheck = 1540;
				TargetAttributes = {
					1AA52D532C469D13006F4969 = {
						CreatedOnToolsVersion = 15.4;
					};
				};
			};
			buildConfigurationList = 1AA52D4F2C469D13006F4969 /* Build configuration list for PBXProject "PostsApp" */;
			compatibilityVersion = "Xcode 14.0";
			developmentRegion = en;
			hasScannedForEncodings = 0;
			knownRegions = (
				en,
				Base,
			);
			mainGroup = 1AA52D4B2C469D13006F4969;
			productRefGroup = 1AA52D552C469D13006F4969 /* Products */;
			projectDirPath = "";
			projectRoot = "";
			targets = (
				1AA52D532C469D13006F4969 /* PostsApp */,
			);
		};
/* End PBXProject section */

/* Begin PBXResourcesBuildPhase section */
		1AA52D522C469D13006F4969 /* Resources */ = {
			isa = PBXResourcesBuildPhase;
			buildActionMask = 2147483647;
			files = (
				1AA52D642C469D15006F4969 /* Assets.xcassets in Resources */,
				1AA52D672C469D15006F4969 /* Base in Resources */,
			);
			runOnlyForDeploymentPostprocessing = 0;
		};
/* End PBXResourcesBuildPhase section */

/* Begin PBXSourcesBuildPhase section */
		1AA52D502C469D13006F4969 /* Sources */ = {
			isa = PBXSourcesBuildPhase;
			buildActionMask = 2147483647;
			files = (
				1AA52D5C2C469D13006F4969 /* ViewController.swift in Sources */,
				1AA52D582C469D13006F4969 /* AppDelegate.swift in Sources */,
				1AA52D732C469E6F006F4969 /* StorageManager.swift in Sources */,
				1AA52D7C2C46A25F006F4969 /* PostsViewController.swift in Sources */,
				1AA52D5A2C469D13006F4969 /* SceneDelegate.swift in Sources */,
				1AA52D762C46A18D006F4969 /* EditPostViewController.swift in Sources */,
				1AA52D7A2C46A1F5006F4969 /* BaseViewController.swift in Sources */,
				1AA52D622C469D13006F4969 /* PostsApp.xcdatamodeld in Sources */,
				1AA52D782C46A1A0006F4969 /* AddPostViewController.swift in Sources */,
			);
			runOnlyForDeploymentPostprocessing = 0;
		};
/* End PBXSourcesBuildPhase section */

/* Begin PBXVariantGroup section */
		1AA52D652C469D15006F4969 /* LaunchScreen.storyboard */ = {
			isa = PBXVariantGroup;
			children = (
				1AA52D662C469D15006F4969 /* Base */,
			);
			name = LaunchScreen.storyboard;
			sourceTree = "<group>";
		};
/* End PBXVariantGroup section */

/* Begin XCBuildConfiguration section */
		1AA52D692C469D15006F4969 /* Debug */ = {
			isa = XCBuildConfiguration;
			buildSettings = {
				ALWAYS_SEARCH_USER_PATHS = NO;
				ASSETCATALOG_COMPILER_GENERATE_SWIFT_ASSET_SYMBOL_EXTENSIONS = YES;
				CLANG_ANALYZER_NONNULL = YES;
				CLANG_ANALYZER_NUMBER_OBJECT_CONVERSION = YES_AGGRESSIVE;
				CLANG_CXX_LANGUAGE_STANDARD = "gnu++20";
				CLANG_ENABLE_MODULES = YES;
				CLANG_ENABLE_OBJC_ARC = YES;
				CLANG_ENABLE_OBJC_WEAK = YES;
				CLANG_WARN_BLOCK_CAPTURE_AUTORELEASING = YES;
				CLANG_WARN_BOOL_CONVERSION = YES;
				CLANG_WARN_COMMA = YES;
				CLANG_WARN_CONSTANT_CONVERSION = YES;
				CLANG_WARN_DEPRECATED_OBJC_IMPLEMENTATIONS = YES;
				CLANG_WARN_DIRECT_OBJC_ISA_USAGE = YES_ERROR;
				CLANG_WARN_DOCUMENTATION_COMMENTS = YES;
				CLANG_WARN_EMPTY_BODY = YES;
				CLANG_WARN_ENUM_CONVERSION = YES;
				CLANG_WARN_INFINITE_RECURSION = YES;
				CLANG_WARN_INT_CONVERSION = YES;
				CLANG_WARN_NON_LITERAL_NULL_CONVERSION = YES;
				CLANG_WARN_OBJC_IMPLICIT_RETAIN_SELF = YES;
				CLANG_WARN_OBJC_LITERAL_CONVERSION = YES;
				CLANG_WARN_OBJC_ROOT_CLASS = YES_ERROR;
				CLANG_WARN_QUOTED_INCLUDE_IN_FRAMEWORK_HEADER = YES;
				CLANG_WARN_RANGE_LOOP_ANALYSIS = YES;
				CLANG_WARN_STRICT_PROTOTYPES = YES;
				CLANG_WARN_SUSPICIOUS_MOVE = YES;
				CLANG_WARN_UNGUARDED_AVAILABILITY = YES_AGGRESSIVE;
				CLANG_WARN_UNREACHABLE_CODE = YES;
				CLANG_WARN__DUPLICATE_METHOD_MATCH = YES;
				COPY_PHASE_STRIP = NO;
				DEBUG_INFORMATION_FORMAT = dwarf;
				ENABLE_STRICT_OBJC_MSGSEND = YES;
				ENABLE_TESTABILITY = YES;
				ENABLE_USER_SCRIPT_SANDBOXING = YES;
				GCC_C_LANGUAGE_STANDARD = gnu17;
				GCC_DYNAMIC_NO_PIC = NO;
				GCC_NO_COMMON_BLOCKS = YES;
				GCC_OPTIMIZATION_LEVEL = 0;
				GCC_PREPROCESSOR_DEFINITIONS = (
					"DEBUG=1",
					"$(inherited)",
				);
				GCC_WARN_64_TO_32_BIT_CONVERSION = YES;
				GCC_WARN_ABOUT_RETURN_TYPE = YES_ERROR;
				GCC_WARN_UNDECLARED_SELECTOR = YES;
				GCC_WARN_UNINITIALIZED_AUTOS = YES_AGGRESSIVE;
				GCC_WARN_UNUSED_FUNCTION = YES;
				GCC_WARN_UNUSED_VARIABLE = YES;
				IPHONEOS_DEPLOYMENT_TARGET = 17.5;
				LOCALIZATION_PREFERS_STRING_CATALOGS = YES;
				MTL_ENABLE_DEBUG_INFO = INCLUDE_SOURCE;
				MTL_FAST_MATH = YES;
				ONLY_ACTIVE_ARCH = YES;
				SDKROOT = iphoneos;
				SWIFT_ACTIVE_COMPILATION_CONDITIONS = "DEBUG $(inherited)";
				SWIFT_OPTIMIZATION_LEVEL = "-Onone";
			};
			name = Debug;
		};
		1AA52D6A2C469D15006F4969 /* Release */ = {
			isa = XCBuildConfiguration;
			buildSettings = {
				ALWAYS_SEARCH_USER_PATHS = NO;
				ASSETCATALOG_COMPILER_GENERATE_SWIFT_ASSET_SYMBOL_EXTENSIONS = YES;
				CLANG_ANALYZER_NONNULL = YES;
				CLANG_ANALYZER_NUMBER_OBJECT_CONVERSION = YES_AGGRESSIVE;
				CLANG_CXX_LANGUAGE_STANDARD = "gnu++20";
				CLANG_ENABLE_MODULES = YES;
				CLANG_ENABLE_OBJC_ARC = YES;
				CLANG_ENABLE_OBJC_WEAK = YES;
				CLANG_WARN_BLOCK_CAPTURE_AUTORELEASING = YES;
				CLANG_WARN_BOOL_CONVERSION = YES;
				CLANG_WARN_COMMA = YES;
				CLANG_WARN_CONSTANT_CONVERSION = YES;
				CLANG_WARN_DEPRECATED_OBJC_IMPLEMENTATIONS = YES;
				CLANG_WARN_DIRECT_OBJC_ISA_USAGE = YES_ERROR;
				CLANG_WARN_DOCUMENTATION_COMMENTS = YES;
				CLANG_WARN_EMPTY_BODY = YES;
				CLANG_WARN_ENUM_CONVERSION = YES;
				CLANG_WARN_INFINITE_RECURSION = YES;
				CLANG_WARN_INT_CONVERSION = YES;
				CLANG_WARN_NON_LITERAL_NULL_CONVERSION = YES;
				CLANG_WARN_OBJC_IMPLICIT_RETAIN_SELF = YES;
				CLANG_WARN_OBJC_LITERAL_CONVERSION = YES;
				CLANG_WARN_OBJC_ROOT_CLASS = YES_ERROR;
				CLANG_WARN_QUOTED_INCLUDE_IN_FRAMEWORK_HEADER = YES;
				CLANG_WARN_RANGE_LOOP_ANALYSIS = YES;
				CLANG_WARN_STRICT_PROTOTYPES = YES;
				CLANG_WARN_SUSPICIOUS_MOVE = YES;
				CLANG_WARN_UNGUARDED_AVAILABILITY = YES_AGGRESSIVE;
				CLANG_WARN_UNREACHABLE_CODE = YES;
				CLANG_WARN__DUPLICATE_METHOD_MATCH = YES;
				COPY_PHASE_STRIP = NO;
				DEBUG_INFORMATION_FORMAT = "dwarf-with-dsym";
				ENABLE_NS_ASSERTIONS = NO;
				ENABLE_STRICT_OBJC_MSGSEND = YES;
				ENABLE_USER_SCRIPT_SANDBOXING = YES;
				GCC_C_LANGUAGE_STANDARD = gnu17;
				GCC_NO_COMMON_BLOCKS = YES;
				GCC_WARN_64_TO_32_BIT_CONVERSION = YES;
				GCC_WARN_ABOUT_RETURN_TYPE = YES_ERROR;
				GCC_WARN_UNDECLARED_SELECTOR = YES;
				GCC_WARN_UNINITIALIZED_AUTOS = YES_AGGRESSIVE;
				GCC_WARN_UNUSED_FUNCTION = YES;
				GCC_WARN_UNUSED_VARIABLE = YES;
				IPHONEOS_DEPLOYMENT_TARGET = 17.5;
				LOCALIZATION_PREFERS_STRING_CATALOGS = YES;
				MTL_ENABLE_DEBUG_INFO = NO;
				MTL_FAST_MATH = YES;
				SDKROOT = iphoneos;
				SWIFT_COMPILATION_MODE = wholemodule;
				VALIDATE_PRODUCT = YES;
			};
			name = Release;
		};
		1AA52D6C2C469D15006F4969 /* Debug */ = {
			isa = XCBuildConfiguration;
			buildSettings = {
				ASSETCATALOG_COMPILER_APPICON_NAME = AppIcon;
				ASSETCATALOG_COMPILER_GLOBAL_ACCENT_COLOR_NAME = AccentColor;
				CODE_SIGN_STYLE = Automatic;
				CURRENT_PROJECT_VERSION = 1;
				DEVELOPMENT_TEAM = QZ329TNU43;
				GENERATE_INFOPLIST_FILE = YES;
				INFOPLIST_FILE = PostsApp/SupportingFiles/Info.plist;
				INFOPLIST_KEY_UIApplicationSupportsIndirectInputEvents = YES;
				INFOPLIST_KEY_UILaunchStoryboardName = LaunchScreen;
				INFOPLIST_KEY_UISupportedInterfaceOrientations = UIInterfaceOrientationPortrait;
				INFOPLIST_KEY_UISupportedInterfaceOrientations_iPad = "UIInterfaceOrientationPortrait UIInterfaceOrientationPortraitUpsideDown";
				LD_RUNPATH_SEARCH_PATHS = (
					"$(inherited)",
					"@executable_path/Frameworks",
				);
				MARKETING_VERSION = 1.0;
				PRODUCT_BUNDLE_IDENTIFIER = iosmaster.com.PostsApp;
				PRODUCT_NAME = "$(TARGET_NAME)";
				SUPPORTED_PLATFORMS = "iphoneos iphonesimulator";
				SUPPORTS_MACCATALYST = NO;
				SUPPORTS_MAC_DESIGNED_FOR_IPHONE_IPAD = NO;
				SUPPORTS_XR_DESIGNED_FOR_IPHONE_IPAD = NO;
				SWIFT_EMIT_LOC_STRINGS = YES;
				SWIFT_VERSION = 5.0;
				TARGETED_DEVICE_FAMILY = 1;
			};
			name = Debug;
		};
		1AA52D6D2C469D15006F4969 /* Release */ = {
			isa = XCBuildConfiguration;
			buildSettings = {
				ASSETCATALOG_COMPILER_APPICON_NAME = AppIcon;
				ASSETCATALOG_COMPILER_GLOBAL_ACCENT_COLOR_NAME = AccentColor;
				CODE_SIGN_STYLE = Automatic;
				CURRENT_PROJECT_VERSION = 1;
				DEVELOPMENT_TEAM = QZ329TNU43;
				GENERATE_INFOPLIST_FILE = YES;
				INFOPLIST_FILE = PostsApp/SupportingFiles/Info.plist;
				INFOPLIST_KEY_UIApplicationSupportsIndirectInputEvents = YES;
				INFOPLIST_KEY_UILaunchStoryboardName = LaunchScreen;
				INFOPLIST_KEY_UISupportedInterfaceOrientations = UIInterfaceOrientationPortrait;
				INFOPLIST_KEY_UISupportedInterfaceOrientations_iPad = "UIInterfaceOrientationPortrait UIInterfaceOrientationPortraitUpsideDown";
				LD_RUNPATH_SEARCH_PATHS = (
					"$(inherited)",
					"@executable_path/Frameworks",
				);
				MARKETING_VERSION = 1.0;
				PRODUCT_BUNDLE_IDENTIFIER = iosmaster.com.PostsApp;
				PRODUCT_NAME = "$(TARGET_NAME)";
				SUPPORTED_PLATFORMS = "iphoneos iphonesimulator";
				SUPPORTS_MACCATALYST = NO;
				SUPPORTS_MAC_DESIGNED_FOR_IPHONE_IPAD = NO;
				SUPPORTS_XR_DESIGNED_FOR_IPHONE_IPAD = NO;
				SWIFT_EMIT_LOC_STRINGS = YES;
				SWIFT_VERSION = 5.0;
				TARGETED_DEVICE_FAMILY = 1;
			};
			name = Release;
		};
/* End XCBuildConfiguration section */

/* Begin XCConfigurationList section */
		1AA52D4F2C469D13006F4969 /* Build configuration list for PBXProject "PostsApp" */ = {
			isa = XCConfigurationList;
			buildConfigurations = (
				1AA52D692C469D15006F4969 /* Debug */,
				1AA52D6A2C469D15006F4969 /* Release */,
			);
			defaultConfigurationIsVisible = 0;
			defaultConfigurationName = Release;
		};
		1AA52D6B2C469D15006F4969 /* Build configuration list for PBXNativeTarget "PostsApp" */ = {
			isa = XCConfigurationList;
			buildConfigurations = (
				1AA52D6C2C469D15006F4969 /* Debug */,
				1AA52D6D2C469D15006F4969 /* Release */,
			);
			defaultConfigurationIsVisible = 0;
			defaultConfigurationName = Release;
		};
/* End XCConfigurationList section */

/* Begin XCVersionGroup section */
		1AA52D602C469D13006F4969 /* PostsApp.xcdatamodeld */ = {
			isa = XCVersionGroup;
			children = (
				1AA52D612C469D13006F4969 /* PostsApp.xcdatamodel */,
			);
			currentVersion = 1AA52D612C469D13006F4969 /* PostsApp.xcdatamodel */;
			path = PostsApp.xcdatamodeld;
			sourceTree = "<group>";
			versionGroupType = wrapper.xcdatamodel;
		};
/* End XCVersionGroup section */
	};
	rootObject = 1AA52D4C2C469D13006F4969 /* Project object */;
}
